// !$*UTF8*$!
{
	archiveVersion = 1;
	classes = {
	};
	objectVersion = 56;
	objects = {

/* Begin PBXBuildFile section */
		D3B784CC2B2757B3005C404A /* swiftUiDemoApp.swift in Sources */ = {isa = PBXBuildFile; fileRef = D3B784CB2B2757B3005C404A /* swiftUiDemoApp.swift */; };
		D3B784CE2B2757B3005C404A /* ContentView.swift in Sources */ = {isa = PBXBuildFile; fileRef = D3B784CD2B2757B3005C404A /* ContentView.swift */; };
		D3B784D02B2757B4005C404A /* Assets.xcassets in Resources */ = {isa = PBXBuildFile; fileRef = D3B784CF2B2757B4005C404A /* Assets.xcassets */; };
		D3B784D32B2757B4005C404A /* Preview Assets.xcassets in Resources */ = {isa = PBXBuildFile; fileRef = D3B784D22B2757B4005C404A /* Preview Assets.xcassets */; };
		D3B784D52B2757B4005C404A /* Persistence.swift in Sources */ = {isa = PBXBuildFile; fileRef = D3B784D42B2757B4005C404A /* Persistence.swift */; };
		D3B784D82B2757B4005C404A /* swiftUiDemo.xcdatamodeld in Sources */ = {isa = PBXBuildFile; fileRef = D3B784D62B2757B4005C404A /* swiftUiDemo.xcdatamodeld */; };
		D3B784E22B2757B4005C404A /* swiftUiDemoTests.swift in Sources */ = {isa = PBXBuildFile; fileRef = D3B784E12B2757B4005C404A /* swiftUiDemoTests.swift */; };
		D3B784EC2B2757B4005C404A /* swiftUiDemoUITests.swift in Sources */ = {isa = PBXBuildFile; fileRef = D3B784EB2B2757B4005C404A /* swiftUiDemoUITests.swift */; };
		D3B784EE2B2757B4005C404A /* swiftUiDemoUITestsLaunchTests.swift in Sources */ = {isa = PBXBuildFile; fileRef = D3B784ED2B2757B4005C404A /* swiftUiDemoUITestsLaunchTests.swift */; };
/* End PBXBuildFile section */

/* Begin PBXContainerItemProxy section */
		D3B784DE2B2757B4005C404A /* PBXContainerItemProxy */ = {
			isa = PBXContainerItemProxy;
			containerPortal = D3B784C02B2757B3005C404A /* Project object */;
			proxyType = 1;
			remoteGlobalIDString = D3B784C72B2757B3005C404A;
			remoteInfo = swiftUiDemo;
		};
		D3B784E82B2757B4005C404A /* PBXContainerItemProxy */ = {
			isa = PBXContainerItemProxy;
			containerPortal = D3B784C02B2757B3005C404A /* Project object */;
			proxyType = 1;
			remoteGlobalIDString = D3B784C72B2757B3005C404A;
			remoteInfo = swiftUiDemo;
		};
/* End PBXContainerItemProxy section */

/* Begin PBXFileReference section */
		D3B784C82B2757B3005C404A /* swiftUiDemo.app */ = {isa = PBXFileReference; explicitFileType = wrapper.application; includeInIndex = 0; path = swiftUiDemo.app; sourceTree = BUILT_PRODUCTS_DIR; };
		D3B784CB2B2757B3005C404A /* swiftUiDemoApp.swift */ = {isa = PBXFileReference; lastKnownFileType = sourcecode.swift; path = swiftUiDemoApp.swift; sourceTree = "<group>"; };
		D3B784CD2B2757B3005C404A /* ContentView.swift */ = {isa = PBXFileReference; lastKnownFileType = sourcecode.swift; path = ContentView.swift; sourceTree = "<group>"; };
		D3B784CF2B2757B4005C404A /* Assets.xcassets */ = {isa = PBXFileReference; lastKnownFileType = folder.assetcatalog; path = Assets.xcassets; sourceTree = "<group>"; };
		D3B784D22B2757B4005C404A /* Preview Assets.xcassets */ = {isa = PBXFileReference; lastKnownFileType = folder.assetcatalog; path = "Preview Assets.xcassets"; sourceTree = "<group>"; };
		D3B784D42B2757B4005C404A /* Persistence.swift */ = {isa = PBXFileReference; lastKnownFileType = sourcecode.swift; path = Persistence.swift; sourceTree = "<group>"; };
		D3B784D72B2757B4005C404A /* swiftUiDemo.xcdatamodel */ = {isa = PBXFileReference; lastKnownFileType = wrapper.xcdatamodel; path = swiftUiDemo.xcdatamodel; sourceTree = "<group>"; };
		D3B784DD2B2757B4005C404A /* swiftUiDemoTests.xctest */ = {isa = PBXFileReference; explicitFileType = wrapper.cfbundle; includeInIndex = 0; path = swiftUiDemoTests.xctest; sourceTree = BUILT_PRODUCTS_DIR; };
		D3B784E12B2757B4005C404A /* swiftUiDemoTests.swift */ = {isa = PBXFileReference; lastKnownFileType = sourcecode.swift; path = swiftUiDemoTests.swift; sourceTree = "<group>"; };
		D3B784E72B2757B4005C404A /* swiftUiDemoUITests.xctest */ = {isa = PBXFileReference; explicitFileType = wrapper.cfbundle; includeInIndex = 0; path = swiftUiDemoUITests.xctest; sourceTree = BUILT_PRODUCTS_DIR; };
		D3B784EB2B2757B4005C404A /* swiftUiDemoUITests.swift */ = {isa = PBXFileReference; lastKnownFileType = sourcecode.swift; path = swiftUiDemoUITests.swift; sourceTree = "<group>"; };
		D3B784ED2B2757B4005C404A /* swiftUiDemoUITestsLaunchTests.swift */ = {isa = PBXFileReference; lastKnownFileType = sourcecode.swift; path = swiftUiDemoUITestsLaunchTests.swift; sourceTree = "<group>"; };
/* End PBXFileReference section */

/* Begin PBXFrameworksBuildPhase section */
		D3B784C52B2757B3005C404A /* Frameworks */ = {
			isa = PBXFrameworksBuildPhase;
			buildActionMask = 2147483647;
			files = (
			);
			runOnlyForDeploymentPostprocessing = 0;
		};
		D3B784DA2B2757B4005C404A /* Frameworks */ = {
			isa = PBXFrameworksBuildPhase;
			buildActionMask = 2147483647;
			files = (
			);
			runOnlyForDeploymentPostprocessing = 0;
		};
		D3B784E42B2757B4005C404A /* Frameworks */ = {
			isa = PBXFrameworksBuildPhase;
			buildActionMask = 2147483647;
			files = (
			);
			runOnlyForDeploymentPostprocessing = 0;
		};
/* End PBXFrameworksBuildPhase section */

/* Begin PBXGroup section */
		D3B784BF2B2757B3005C404A = {
			isa = PBXGroup;
			children = (
				D3B784CA2B2757B3005C404A /* swiftUiDemo */,
				D3B784E02B2757B4005C404A /* swiftUiDemoTests */,
				D3B784EA2B2757B4005C404A /* swiftUiDemoUITests */,
				D3B784C92B2757B3005C404A /* Products */,
			);
			sourceTree = "<group>";
		};
		D3B784C92B2757B3005C404A /* Products */ = {
			isa = PBXGroup;
			children = (
				D3B784C82B2757B3005C404A /* swiftUiDemo.app */,
				D3B784DD2B2757B4005C404A /* swiftUiDemoTests.xctest */,
				D3B784E72B2757B4005C404A /* swiftUiDemoUITests.xctest */,
			);
			name = Products;
			sourceTree = "<group>";
		};
		D3B784CA2B2757B3005C404A /* swiftUiDemo */ = {
			isa = PBXGroup;
			children = (
				D3B784CB2B2757B3005C404A /* swiftUiDemoApp.swift */,
				D3B784CD2B2757B3005C404A /* ContentView.swift */,
				D3B784CF2B2757B4005C404A /* Assets.xcassets */,
				D3B784D42B2757B4005C404A /* Persistence.swift */,
				D3B784D62B2757B4005C404A /* swiftUiDemo.xcdatamodeld */,
				D3B784D12B2757B4005C404A /* Preview Content */,
			);
			path = swiftUiDemo;
			sourceTree = "<group>";
		};
		D3B784D12B2757B4005C404A /* Preview Content */ = {
			isa = PBXGroup;
			children = (
				D3B784D22B2757B4005C404A /* Preview Assets.xcassets */,
			);
			path = "Preview Content";
			sourceTree = "<group>";
		};
		D3B784E02B2757B4005C404A /* swiftUiDemoTests */ = {
			isa = PBXGroup;
			children = (
				D3B784E12B2757B4005C404A /* swiftUiDemoTests.swift */,
			);
			path = swiftUiDemoTests;
			sourceTree = "<group>";
		};
		D3B784EA2B2757B4005C404A /* swiftUiDemoUITests */ = {
			isa = PBXGroup;
			children = (
				D3B784EB2B2757B4005C404A /* swiftUiDemoUITests.swift */,
				D3B784ED2B2757B4005C404A /* swiftUiDemoUITestsLaunchTests.swift */,
			);
			path = swiftUiDemoUITests;
			sourceTree = "<group>";
		};
/* End PBXGroup section */

/* Begin PBXNativeTarget section */
		D3B784C72B2757B3005C404A /* swiftUiDemo */ = {
			isa = PBXNativeTarget;
			buildConfigurationList = D3B784F12B2757B4005C404A /* Build configuration list for PBXNativeTarget "swiftUiDemo" */;
			buildPhases = (
				D3B784C42B2757B3005C404A /* Sources */,
				D3B784C52B2757B3005C404A /* Frameworks */,
				D3B784C62B2757B3005C404A /* Resources */,
			);
			buildRules = (
			);
			dependencies = (
			);
			name = swiftUiDemo;
			productName = swiftUiDemo;
			productReference = D3B784C82B2757B3005C404A /* swiftUiDemo.app */;
			productType = "com.apple.product-type.application";
		};
		D3B784DC2B2757B4005C404A /* swiftUiDemoTests */ = {
			isa = PBXNativeTarget;
			buildConfigurationList = D3B784F42B2757B4005C404A /* Build configuration list for PBXNativeTarget "swiftUiDemoTests" */;
			buildPhases = (
				D3B784D92B2757B4005C404A /* Sources */,
				D3B784DA2B2757B4005C404A /* Frameworks */,
				D3B784DB2B2757B4005C404A /* Resources */,
			);
			buildRules = (
			);
			dependencies = (
				D3B784DF2B2757B4005C404A /* PBXTargetDependency */,
			);
			name = swiftUiDemoTests;
			productName = swiftUiDemoTests;
			productReference = D3B784DD2B2757B4005C404A /* swiftUiDemoTests.xctest */;
			productType = "com.apple.product-type.bundle.unit-test";
		};
		D3B784E62B2757B4005C404A /* swiftUiDemoUITests */ = {
			isa = PBXNativeTarget;
			buildConfigurationList = D3B784F72B2757B4005C404A /* Build configuration list for PBXNativeTarget "swiftUiDemoUITests" */;
			buildPhases = (
				D3B784E32B2757B4005C404A /* Sources */,
				D3B784E42B2757B4005C404A /* Frameworks */,
				D3B784E52B2757B4005C404A /* Resources */,
			);
			buildRules = (
			);
			dependencies = (
				D3B784E92B2757B4005C404A /* PBXTargetDependency */,
			);
			name = swiftUiDemoUITests;
			productName = swiftUiDemoUITests;
			productReference = D3B784E72B2757B4005C404A /* swiftUiDemoUITests.xctest */;
			productType = "com.apple.product-type.bundle.ui-testing";
		};
/* End PBXNativeTarget section */

/* Begin PBXProject section */
		D3B784C02B2757B3005C404A /* Project object */ = {
			isa = PBXProject;
			attributes = {
				BuildIndependentTargetsInParallel = 1;
				LastSwiftUpdateCheck = 1500;
				LastUpgradeCheck = 1500;
				TargetAttributes = {
					D3B784C72B2757B3005C404A = {
						CreatedOnToolsVersion = 15.0.1;
					};
					D3B784DC2B2757B4005C404A = {
						CreatedOnToolsVersion = 15.0.1;
						TestTargetID = D3B784C72B2757B3005C404A;
					};
					D3B784E62B2757B4005C404A = {
						CreatedOnToolsVersion = 15.0.1;
						TestTargetID = D3B784C72B2757B3005C404A;
					};
				};
			};
			buildConfigurationList = D3B784C32B2757B3005C404A /* Build configuration list for PBXProject "swiftUiDemo" */;
			compatibilityVersion = "Xcode 14.0";
			developmentRegion = en;
			hasScannedForEncodings = 0;
			knownRegions = (
				en,
				Base,
			);
			mainGroup = D3B784BF2B2757B3005C404A;
			productRefGroup = D3B784C92B2757B3005C404A /* Products */;
			projectDirPath = "";
			projectRoot = "";
			targets = (
				D3B784C72B2757B3005C404A /* swiftUiDemo */,
				D3B784DC2B2757B4005C404A /* swiftUiDemoTests */,
				D3B784E62B2757B4005C404A /* swiftUiDemoUITests */,
			);
		};
/* End PBXProject section */

/* Begin PBXResourcesBuildPhase section */
		D3B784C62B2757B3005C404A /* Resources */ = {
			isa = PBXResourcesBuildPhase;
			buildActionMask = 2147483647;
			files = (
				D3B784D32B2757B4005C404A /* Preview Assets.xcassets in Resources */,
				D3B784D02B2757B4005C404A /* Assets.xcassets in Resources */,
			);
			runOnlyForDeploymentPostprocessing = 0;
		};
		D3B784DB2B2757B4005C404A /* Resources */ = {
			isa = PBXResourcesBuildPhase;
			buildActionMask = 2147483647;
			files = (
			);
			runOnlyForDeploymentPostprocessing = 0;
		};
		D3B784E52B2757B4005C404A /* Resources */ = {
			isa = PBXResourcesBuildPhase;
			buildActionMask = 2147483647;
			files = (
			);
			runOnlyForDeploymentPostprocessing = 0;
		};
/* End PBXResourcesBuildPhase section */

/* Begin PBXSourcesBuildPhase section */
		D3B784C42B2757B3005C404A /* Sources */ = {
			isa = PBXSourcesBuildPhase;
			buildActionMask = 2147483647;
			files = (
				D3B784D82B2757B4005C404A /* swiftUiDemo.xcdatamodeld in Sources */,
				D3B784D52B2757B4005C404A /* Persistence.swift in Sources */,
				D3B784CE2B2757B3005C404A /* ContentView.swift in Sources */,
				D3B784CC2B2757B3005C404A /* swiftUiDemoApp.swift in Sources */,
			);
			runOnlyForDeploymentPostprocessing = 0;
		};
		D3B784D92B2757B4005C404A /* Sources */ = {
			isa = PBXSourcesBuildPhase;
			buildActionMask = 2147483647;
			files = (
				D3B784E22B2757B4005C404A /* swiftUiDemoTests.swift in Sources */,
			);
			runOnlyForDeploymentPostprocessing = 0;
		};
		D3B784E32B2757B4005C404A /* Sources */ = {
			isa = PBXSourcesBuildPhase;
			buildActionMask = 2147483647;
			files = (
				D3B784EC2B2757B4005C404A /* swiftUiDemoUITests.swift in Sources */,
				D3B784EE2B2757B4005C404A /* swiftUiDemoUITestsLaunchTests.swift in Sources */,
			);
			runOnlyForDeploymentPostprocessing = 0;
		};
/* End PBXSourcesBuildPhase section */

/* Begin PBXTargetDependency section */
		D3B784DF2B2757B4005C404A /* PBXTargetDependency */ = {
			isa = PBXTargetDependency;
			target = D3B784C72B2757B3005C404A /* swiftUiDemo */;
			targetProxy = D3B784DE2B2757B4005C404A /* PBXContainerItemProxy */;
		};
		D3B784E92B2757B4005C404A /* PBXTargetDependency */ = {
			isa = PBXTargetDependency;
			target = D3B784C72B2757B3005C404A /* swiftUiDemo */;
			targetProxy = D3B784E82B2757B4005C404A /* PBXContainerItemProxy */;
		};
/* End PBXTargetDependency section */

/* Begin XCBuildConfiguration section */
		D3B784EF2B2757B4005C404A /* Debug */ = {
			isa = XCBuildConfiguration;
			buildSettings = {
				ALWAYS_SEARCH_USER_PATHS = NO;
				ASSETCATALOG_COMPILER_GENERATE_SWIFT_ASSET_SYMBOL_EXTENSIONS = YES;
				CLANG_ANALYZER_NONNULL = YES;
				CLANG_ANALYZER_NUMBER_OBJECT_CONVERSION = YES_AGGRESSIVE;
				CLANG_CXX_LANGUAGE_STANDARD = "gnu++20";
				CLANG_ENABLE_MODULES = YES;
				CLANG_ENABLE_OBJC_ARC = YES;
				CLANG_ENABLE_OBJC_WEAK = YES;
				CLANG_WARN_BLOCK_CAPTURE_AUTORELEASING = YES;
				CLANG_WARN_BOOL_CONVERSION = YES;
				CLANG_WARN_COMMA = YES;
				CLANG_WARN_CONSTANT_CONVERSION = YES;
				CLANG_WARN_DEPRECATED_OBJC_IMPLEMENTATIONS = YES;
				CLANG_WARN_DIRECT_OBJC_ISA_USAGE = YES_ERROR;
				CLANG_WARN_DOCUMENTATION_COMMENTS = YES;
				CLANG_WARN_EMPTY_BODY = YES;
				CLANG_WARN_ENUM_CONVERSION = YES;
				CLANG_WARN_INFINITE_RECURSION = YES;
				CLANG_WARN_INT_CONVERSION = YES;
				CLANG_WARN_NON_LITERAL_NULL_CONVERSION = YES;
				CLANG_WARN_OBJC_IMPLICIT_RETAIN_SELF = YES;
				CLANG_WARN_OBJC_LITERAL_CONVERSION = YES;
				CLANG_WARN_OBJC_ROOT_CLASS = YES_ERROR;
				CLANG_WARN_QUOTED_INCLUDE_IN_FRAMEWORK_HEADER = YES;
				CLANG_WARN_RANGE_LOOP_ANALYSIS = YES;
				CLANG_WARN_STRICT_PROTOTYPES = YES;
				CLANG_WARN_SUSPICIOUS_MOVE = YES;
				CLANG_WARN_UNGUARDED_AVAILABILITY = YES_AGGRESSIVE;
				CLANG_WARN_UNREACHABLE_CODE = YES;
				CLANG_WARN__DUPLICATE_METHOD_MATCH = YES;
				COPY_PHASE_STRIP = NO;
				DEBUG_INFORMATION_FORMAT = dwarf;
				ENABLE_STRICT_OBJC_MSGSEND = YES;
				ENABLE_TESTABILITY = YES;
				ENABLE_USER_SCRIPT_SANDBOXING = YES;
				GCC_C_LANGUAGE_STANDARD = gnu17;
				GCC_DYNAMIC_NO_PIC = NO;
				GCC_NO_COMMON_BLOCKS = YES;
				GCC_OPTIMIZATION_LEVEL = 0;
				GCC_PREPROCESSOR_DEFINITIONS = (
					"DEBUG=1",
					"$(inherited)",
				);
				GCC_WARN_64_TO_32_BIT_CONVERSION = YES;
				GCC_WARN_ABOUT_RETURN_TYPE = YES_ERROR;
				GCC_WARN_UNDECLARED_SELECTOR = YES;
				GCC_WARN_UNINITIALIZED_AUTOS = YES_AGGRESSIVE;
				GCC_WARN_UNUSED_FUNCTION = YES;
				GCC_WARN_UNUSED_VARIABLE = YES;
				IPHONEOS_DEPLOYMENT_TARGET = 17.0;
				LOCALIZATION_PREFERS_STRING_CATALOGS = YES;
				MTL_ENABLE_DEBUG_INFO = INCLUDE_SOURCE;
				MTL_FAST_MATH = YES;
				ONLY_ACTIVE_ARCH = YES;
				SDKROOT = iphoneos;
				SWIFT_ACTIVE_COMPILATION_CONDITIONS = "DEBUG $(inherited)";
				SWIFT_OPTIMIZATION_LEVEL = "-Onone";
			};
			name = Debug;
		};
		D3B784F02B2757B4005C404A /* Release */ = {
			isa = XCBuildConfiguration;
			buildSettings = {
				ALWAYS_SEARCH_USER_PATHS = NO;
				ASSETCATALOG_COMPILER_GENERATE_SWIFT_ASSET_SYMBOL_EXTENSIONS = YES;
				CLANG_ANALYZER_NONNULL = YES;
				CLANG_ANALYZER_NUMBER_OBJECT_CONVERSION = YES_AGGRESSIVE;
				CLANG_CXX_LANGUAGE_STANDARD = "gnu++20";
				CLANG_ENABLE_MODULES = YES;
				CLANG_ENABLE_OBJC_ARC = YES;
				CLANG_ENABLE_OBJC_WEAK = YES;
				CLANG_WARN_BLOCK_CAPTURE_AUTORELEASING = YES;
				CLANG_WARN_BOOL_CONVERSION = YES;
				CLANG_WARN_COMMA = YES;
				CLANG_WARN_CONSTANT_CONVERSION = YES;
				CLANG_WARN_DEPRECATED_OBJC_IMPLEMENTATIONS = YES;
				CLANG_WARN_DIRECT_OBJC_ISA_USAGE = YES_ERROR;
				CLANG_WARN_DOCUMENTATION_COMMENTS = YES;
				CLANG_WARN_EMPTY_BODY = YES;
				CLANG_WARN_ENUM_CONVERSION = YES;
				CLANG_WARN_INFINITE_RECURSION = YES;
				CLANG_WARN_INT_CONVERSION = YES;
				CLANG_WARN_NON_LITERAL_NULL_CONVERSION = YES;
				CLANG_WARN_OBJC_IMPLICIT_RETAIN_SELF = YES;
				CLANG_WARN_OBJC_LITERAL_CONVERSION = YES;
				CLANG_WARN_OBJC_ROOT_CLASS = YES_ERROR;
				CLANG_WARN_QUOTED_INCLUDE_IN_FRAMEWORK_HEADER = YES;
				CLANG_WARN_RANGE_LOOP_ANALYSIS = YES;
				CLANG_WARN_STRICT_PROTOTYPES = YES;
				CLANG_WARN_SUSPICIOUS_MOVE = YES;
				CLANG_WARN_UNGUARDED_AVAILABILITY = YES_AGGRESSIVE;
				CLANG_WARN_UNREACHABLE_CODE = YES;
				CLANG_WARN__DUPLICATE_METHOD_MATCH = YES;
				COPY_PHASE_STRIP = NO;
				DEBUG_INFORMATION_FORMAT = "dwarf-with-dsym";
				ENABLE_NS_ASSERTIONS = NO;
				ENABLE_STRICT_OBJC_MSGSEND = YES;
				ENABLE_USER_SCRIPT_SANDBOXING = YES;
				GCC_C_LANGUAGE_STANDARD = gnu17;
				GCC_NO_COMMON_BLOCKS = YES;
				GCC_WARN_64_TO_32_BIT_CONVERSION = YES;
				GCC_WARN_ABOUT_RETURN_TYPE = YES_ERROR;
				GCC_WARN_UNDECLARED_SELECTOR = YES;
				GCC_WARN_UNINITIALIZED_AUTOS = YES_AGGRESSIVE;
				GCC_WARN_UNUSED_FUNCTION = YES;
				GCC_WARN_UNUSED_VARIABLE = YES;
				IPHONEOS_DEPLOYMENT_TARGET = 17.0;
				LOCALIZATION_PREFERS_STRING_CATALOGS = YES;
				MTL_ENABLE_DEBUG_INFO = NO;
				MTL_FAST_MATH = YES;
				SDKROOT = iphoneos;
				SWIFT_COMPILATION_MODE = wholemodule;
				VALIDATE_PRODUCT = YES;
			};
			name = Release;
		};
		D3B784F22B2757B4005C404A /* Debug */ = {
			isa = XCBuildConfiguration;
			buildSettings = {
				ASSETCATALOG_COMPILER_APPICON_NAME = AppIcon;
				ASSETCATALOG_COMPILER_GLOBAL_ACCENT_COLOR_NAME = AccentColor;
				CODE_SIGN_STYLE = Automatic;
				CURRENT_PROJECT_VERSION = 1;
				DEVELOPMENT_ASSET_PATHS = "\"swiftUiDemo/Preview Content\"";
				DEVELOPMENT_TEAM = Y9WFT4L662;
				ENABLE_PREVIEWS = YES;
				GENERATE_INFOPLIST_FILE = YES;
				INFOPLIST_KEY_UIApplicationSceneManifest_Generation = YES;
				INFOPLIST_KEY_UIApplicationSupportsIndirectInputEvents = YES;
				INFOPLIST_KEY_UILaunchScreen_Generation = YES;
				INFOPLIST_KEY_UISupportedInterfaceOrientations_iPad = "UIInterfaceOrientationPortrait UIInterfaceOrientationPortraitUpsideDown UIInterfaceOrientationLandscapeLeft UIInterfaceOrientationLandscapeRight";
				INFOPLIST_KEY_UISupportedInterfaceOrientations_iPhone = "UIInterfaceOrientationPortrait UIInterfaceOrientationLandscapeLeft UIInterfaceOrientationLandscapeRight";
				LD_RUNPATH_SEARCH_PATHS = (
					"$(inherited)",
					"@executable_path/Frameworks",
				);
				MARKETING_VERSION = 1.0;
				PRODUCT_BUNDLE_IDENTIFIER = "Mohamed-Abd-Elhakam.swiftUiDemo";
				PRODUCT_NAME = "$(TARGET_NAME)";
				SWIFT_EMIT_LOC_STRINGS = YES;
				SWIFT_VERSION = 5.0;
				TARGETED_DEVICE_FAMILY = "1,2";
			};
			name = Debug;
		};
		D3B784F32B2757B4005C404A /* Release */ = {
			isa = XCBuildConfiguration;
			buildSettings = {
				ASSETCATALOG_COMPILER_APPICON_NAME = AppIcon;
				ASSETCATALOG_COMPILER_GLOBAL_ACCENT_COLOR_NAME = AccentColor;
				CODE_SIGN_STYLE = Automatic;
				CURRENT_PROJECT_VERSION = 1;
				DEVELOPMENT_ASSET_PATHS = "\"swiftUiDemo/Preview Content\"";
				DEVELOPMENT_TEAM = Y9WFT4L662;
				ENABLE_PREVIEWS = YES;
				GENERATE_INFOPLIST_FILE = YES;
				INFOPLIST_KEY_UIApplicationSceneManifest_Generation = YES;
				INFOPLIST_KEY_UIApplicationSupportsIndirectInputEvents = YES;
				INFOPLIST_KEY_UILaunchScreen_Generation = YES;
				INFOPLIST_KEY_UISupportedInterfaceOrientations_iPad = "UIInterfaceOrientationPortrait UIInterfaceOrientationPortraitUpsideDown UIInterfaceOrientationLandscapeLeft UIInterfaceOrientationLandscapeRight";
				INFOPLIST_KEY_UISupportedInterfaceOrientations_iPhone = "UIInterfaceOrientationPortrait UIInterfaceOrientationLandscapeLeft UIInterfaceOrientationLandscapeRight";
				LD_RUNPATH_SEARCH_PATHS = (
					"$(inherited)",
					"@executable_path/Frameworks",
				);
				MARKETING_VERSION = 1.0;
				PRODUCT_BUNDLE_IDENTIFIER = "Mohamed-Abd-Elhakam.swiftUiDemo";
				PRODUCT_NAME = "$(TARGET_NAME)";
				SWIFT_EMIT_LOC_STRINGS = YES;
				SWIFT_VERSION = 5.0;
				TARGETED_DEVICE_FAMILY = "1,2";
			};
			name = Release;
		};
		D3B784F52B2757B4005C404A /* Debug */ = {
			isa = XCBuildConfiguration;
			buildSettings = {
				ALWAYS_EMBED_SWIFT_STANDARD_LIBRARIES = YES;
				BUNDLE_LOADER = "$(TEST_HOST)";
				CODE_SIGN_STYLE = Automatic;
				CURRENT_PROJECT_VERSION = 1;
				DEVELOPMENT_TEAM = Y9WFT4L662;
				GENERATE_INFOPLIST_FILE = YES;
				IPHONEOS_DEPLOYMENT_TARGET = 17.0;
				MARKETING_VERSION = 1.0;
				PRODUCT_BUNDLE_IDENTIFIER = "Mohamed-Abd-Elhakam.swiftUiDemoTests";
				PRODUCT_NAME = "$(TARGET_NAME)";
				SWIFT_EMIT_LOC_STRINGS = NO;
				SWIFT_VERSION = 5.0;
				TARGETED_DEVICE_FAMILY = "1,2";
				TEST_HOST = "$(BUILT_PRODUCTS_DIR)/swiftUiDemo.app/$(BUNDLE_EXECUTABLE_FOLDER_PATH)/swiftUiDemo";
			};
			name = Debug;
		};
		D3B784F62B2757B4005C404A /* Release */ = {
			isa = XCBuildConfiguration;
			buildSettings = {
				ALWAYS_EMBED_SWIFT_STANDARD_LIBRARIES = YES;
				BUNDLE_LOADER = "$(TEST_HOST)";
				CODE_SIGN_STYLE = Automatic;
				CURRENT_PROJECT_VERSION = 1;
				DEVELOPMENT_TEAM = Y9WFT4L662;
				GENERATE_INFOPLIST_FILE = YES;
				IPHONEOS_DEPLOYMENT_TARGET = 17.0;
				MARKETING_VERSION = 1.0;
				PRODUCT_BUNDLE_IDENTIFIER = "Mohamed-Abd-Elhakam.swiftUiDemoTests";
				PRODUCT_NAME = "$(TARGET_NAME)";
				SWIFT_EMIT_LOC_STRINGS = NO;
				SWIFT_VERSION = 5.0;
				TARGETED_DEVICE_FAMILY = "1,2";
				TEST_HOST = "$(BUILT_PRODUCTS_DIR)/swiftUiDemo.app/$(BUNDLE_EXECUTABLE_FOLDER_PATH)/swiftUiDemo";
			};
			name = Release;
		};
		D3B784F82B2757B4005C404A /* Debug */ = {
			isa = XCBuildConfiguration;
			buildSettings = {
				ALWAYS_EMBED_SWIFT_STANDARD_LIBRARIES = YES;
				CODE_SIGN_STYLE = Automatic;
				CURRENT_PROJECT_VERSION = 1;
				DEVELOPMENT_TEAM = Y9WFT4L662;
				GENERATE_INFOPLIST_FILE = YES;
				MARKETING_VERSION = 1.0;
				PRODUCT_BUNDLE_IDENTIFIER = "Mohamed-Abd-Elhakam.swiftUiDemoUITests";
				PRODUCT_NAME = "$(TARGET_NAME)";
				SWIFT_EMIT_LOC_STRINGS = NO;
				SWIFT_VERSION = 5.0;
				TARGETED_DEVICE_FAMILY = "1,2";
				TEST_TARGET_NAME = swiftUiDemo;
			};
			name = Debug;
		};
		D3B784F92B2757B4005C404A /* Release */ = {
			isa = XCBuildConfiguration;
			buildSettings = {
				ALWAYS_EMBED_SWIFT_STANDARD_LIBRARIES = YES;
				CODE_SIGN_STYLE = Automatic;
				CURRENT_PROJECT_VERSION = 1;
				DEVELOPMENT_TEAM = Y9WFT4L662;
				GENERATE_INFOPLIST_FILE = YES;
				MARKETING_VERSION = 1.0;
				PRODUCT_BUNDLE_IDENTIFIER = "Mohamed-Abd-Elhakam.swiftUiDemoUITests";
				PRODUCT_NAME = "$(TARGET_NAME)";
				SWIFT_EMIT_LOC_STRINGS = NO;
				SWIFT_VERSION = 5.0;
				TARGETED_DEVICE_FAMILY = "1,2";
				TEST_TARGET_NAME = swiftUiDemo;
			};
			name = Release;
		};
/* End XCBuildConfiguration section */

/* Begin XCConfigurationList section */
		D3B784C32B2757B3005C404A /* Build configuration list for PBXProject "swiftUiDemo" */ = {
			isa = XCConfigurationList;
			buildConfigurations = (
				D3B784EF2B2757B4005C404A /* Debug */,
				D3B784F02B2757B4005C404A /* Release */,
			);
			defaultConfigurationIsVisible = 0;
			defaultConfigurationName = Release;
		};
		D3B784F12B2757B4005C404A /* Build configuration list for PBXNativeTarget "swiftUiDemo" */ = {
			isa = XCConfigurationList;
			buildConfigurations = (
				D3B784F22B2757B4005C404A /* Debug */,
				D3B784F32B2757B4005C404A /* Release */,
			);
			defaultConfigurationIsVisible = 0;
			defaultConfigurationName = Release;
		};
		D3B784F42B2757B4005C404A /* Build configuration list for PBXNativeTarget "swiftUiDemoTests" */ = {
			isa = XCConfigurationList;
			buildConfigurations = (
				D3B784F52B2757B4005C404A /* Debug */,
				D3B784F62B2757B4005C404A /* Release */,
			);
			defaultConfigurationIsVisible = 0;
			defaultConfigurationName = Release;
		};
		D3B784F72B2757B4005C404A /* Build configuration list for PBXNativeTarget "swiftUiDemoUITests" */ = {
			isa = XCConfigurationList;
			buildConfigurations = (
				D3B784F82B2757B4005C404A /* Debug */,
				D3B784F92B2757B4005C404A /* Release */,
			);
			defaultConfigurationIsVisible = 0;
			defaultConfigurationName = Release;
		};
/* End XCConfigurationList section */

/* Begin XCVersionGroup section */
		D3B784D62B2757B4005C404A /* swiftUiDemo.xcdatamodeld */ = {
			isa = XCVersionGroup;
			children = (
				D3B784D72B2757B4005C404A /* swiftUiDemo.xcdatamodel */,
			);
			currentVersion = D3B784D72B2757B4005C404A /* swiftUiDemo.xcdatamodel */;
			path = swiftUiDemo.xcdatamodeld;
			sourceTree = "<group>";
			versionGroupType = wrapper.xcdatamodel;
		};
/* End XCVersionGroup section */
	};
	rootObject = D3B784C02B2757B3005C404A /* Project object */;
}
